
Microsoft Visual Studio Solution File, Format Version 12.00
# Visual Studio Version 17
VisualStudioVersion = 17.6.33815.320
MinimumVisualStudioVersion = 10.0.40219.1
Project("{9A19103F-16F7-4668-BE54-9A1E7A4F7556}") = "WoS", "WoS.csproj", "{D0A6ED98-58E7-49E9-8AD9-43FF4448418E}"
EndProject
Project("{9A19103F-16F7-4668-BE54-9A1E7A4F7556}") = "WoS_Server", "..\WoS_Server\WoS_Server.csproj", "{340D4CF6-0A3D-417A-A5AF-2D0D509657E5}"
EndProject
Global
	GlobalSection(SolutionConfigurationPlatforms) = preSolution
		Debug|Any CPU = Debug|Any CPU
		Release|Any CPU = Release|Any CPU
	EndGlobalSection
	GlobalSection(ProjectConfigurationPlatforms) = postSolution
		{D0A6ED98-58E7-49E9-8AD9-43FF4448418E}.Debug|Any CPU.ActiveCfg = Debug|Any CPU
		{D0A6ED98-58E7-49E9-8AD9-43FF4448418E}.Debug|Any CPU.Build.0 = Debug|Any CPU
		{D0A6ED98-58E7-49E9-8AD9-43FF4448418E}.Release|Any CPU.ActiveCfg = Release|Any CPU
		{D0A6ED98-58E7-49E9-8AD9-43FF4448418E}.Release|Any CPU.Build.0 = Release|Any CPU
		{340D4CF6-0A3D-417A-A5AF-2D0D509657E5}.Debug|Any CPU.ActiveCfg = Debug|Any CPU
		{340D4CF6-0A3D-417A-A5AF-2D0D509657E5}.Debug|Any CPU.Build.0 = Debug|Any CPU
		{340D4CF6-0A3D-417A-A5AF-2D0D509657E5}.Release|Any CPU.ActiveCfg = Release|Any CPU
		{340D4CF6-0A3D-417A-A5AF-2D0D509657E5}.Release|Any CPU.Build.0 = Release|Any CPU
	EndGlobalSection
	GlobalSection(SolutionProperties) = preSolution
		HideSolutionNode = FALSE
	EndGlobalSection
	GlobalSection(ExtensibilityGlobals) = postSolution
		SolutionGuid = {6CA1C693-9BD0-499B-A800-3AF2126147BA}
	EndGlobalSection
EndGlobal
