
Microsoft Visual Studio Solution File, Format Version 12.00
# Visual Studio Version 17
VisualStudioVersion = 17.11.34929.205
MinimumVisualStudioVersion = 10.0.40219.1
Project("{FAE04EC0-301F-11D3-BF4B-00C04F79EFBC}") = "WoS_Server", "WoS_Server.csproj", "{328D317C-3D87-4B8F-B8BA-94A162200C2C}"
EndProject
Global
	GlobalSection(SolutionConfigurationPlatforms) = preSolution
		Debug|Any CPU = Debug|Any CPU
		Release|Any CPU = Release|Any CPU
	EndGlobalSection
	GlobalSection(ProjectConfigurationPlatforms) = postSolution
		{328D317C-3D87-4B8F-B8BA-94A162200C2C}.Debug|Any CPU.ActiveCfg = Debug|Any CPU
		{328D317C-3D87-4B8F-B8BA-94A162200C2C}.Debug|Any CPU.Build.0 = Debug|Any CPU
		{328D317C-3D87-4B8F-B8BA-94A162200C2C}.Release|Any CPU.ActiveCfg = Release|Any CPU
		{328D317C-3D87-4B8F-B8BA-94A162200C2C}.Release|Any CPU.Build.0 = Release|Any CPU
	EndGlobalSection
	GlobalSection(SolutionProperties) = preSolution
		HideSolutionNode = FALSE
	EndGlobalSection
	GlobalSection(ExtensibilityGlobals) = postSolution
		SolutionGuid = {4B18EE4C-8799-4320-9FE6-FED50BC07868}
	EndGlobalSection
EndGlobal
